
Microsoft Visual Studio Solution File, Format Version 12.00
# Visual Studio Version 17
VisualStudioVersion = 17.0.31919.166
MinimumVisualStudioVersion = 10.0.40219.1
Project("{FAE04EC0-301F-11D3-BF4B-00C04F79EFBC}") = "PocRabbitMQReceiving", "PocRabbitMQReceiving\PocRabbitMQReceiving.csproj", "{02807F0D-4A29-4945-A18E-27B16CF13EC1}"
EndProject
Global
	GlobalSection(SolutionConfigurationPlatforms) = preSolution
		Debug|Any CPU = Debug|Any CPU
		Release|Any CPU = Release|Any CPU
	EndGlobalSection
	GlobalSection(ProjectConfigurationPlatforms) = postSolution
		{02807F0D-4A29-4945-A18E-27B16CF13EC1}.Debug|Any CPU.ActiveCfg = Debug|Any CPU
		{02807F0D-4A29-4945-A18E-27B16CF13EC1}.Debug|Any CPU.Build.0 = Debug|Any CPU
		{02807F0D-4A29-4945-A18E-27B16CF13EC1}.Release|Any CPU.ActiveCfg = Release|Any CPU
		{02807F0D-4A29-4945-A18E-27B16CF13EC1}.Release|Any CPU.Build.0 = Release|Any CPU
	EndGlobalSection
	GlobalSection(SolutionProperties) = preSolution
		HideSolutionNode = FALSE
	EndGlobalSection
	GlobalSection(ExtensibilityGlobals) = postSolution
		SolutionGuid = {3D1EA1B3-7BD7-49D4-B068-76E94FC02466}
	EndGlobalSection
EndGlobal
